
Microsoft Visual Studio Solution File, Format Version 12.00
# Visual Studio Version 16
VisualStudioVersion = 16.0.31025.194
MinimumVisualStudioVersion = 10.0.40219.1
Project("{8BC9CEB8-8B4A-11D0-8D11-00A0C91BC942}") = "trading", "src\trading\trading.vcxproj", "{93FD3140-8E95-4707-AFEF-0DCA5D4B5046}"
EndProject
Project("{8BC9CEB8-8B4A-11D0-8D11-00A0C91BC942}") = "tests", "tst\tests\tests.vcxproj", "{4FF0CC6E-11A3-404F-A0F5-66F700B3FC44}"
EndProject
Project("{8BC9CEB8-8B4A-11D0-8D11-00A0C91BC942}") = "helper", "src\helper\helper.vcxitems", "{2CB4A25D-5103-42A7-933D-9D2F8A8A778B}"
EndProject
Project("{8BC9CEB8-8B4A-11D0-8D11-00A0C91BC942}") = "processor", "src\processor\processor.vcxitems", "{281284E6-0144-11EB-ADC1-0242AC120002}"
EndProject
Project("{8BC9CEB8-8B4A-11D0-8D11-00A0C91BC942}") = "manager", "src\manager\manager.vcxitems", "{6E11B9CD-6B93-4EBA-ABE3-4290F4BE7B9B}"
EndProject
Project("{2150E333-8FDC-42A3-9474-1A3956D46DE8}") = "include", "include", "{8405CF2C-73A2-42D3-B7F1-2051228AD746}"
EndProject
Project("{2150E333-8FDC-42A3-9474-1A3956D46DE8}") = "common", "common", "{93E6B739-5EAF-4E82-8A82-57014187DEAB}"
	ProjectSection(SolutionItems) = preProject
		include\common\common_utilities.hpp = include\common\common_utilities.hpp
		include\common\curl_handler.hpp = include\common\curl_handler.hpp
		include\common\enums.hpp = include\common\enums.hpp
		include\common\fs_include.hpp = include\common\fs_include.hpp
		include\common\includes.hpp = include\common\includes.hpp
		include\common\py_include.hpp = include\common\py_include.hpp
		include\common\stock_data.hpp = include\common\stock_data.hpp
		include\common\structs.hpp = include\common\structs.hpp
		include\common\ta_handler.hpp = include\common\ta_handler.hpp
		include\common\timer.hpp = include\common\timer.hpp
		include\common\type_trait_utils.hpp = include\common\type_trait_utils.hpp
	EndProjectSection
EndProject
Project("{2150E333-8FDC-42A3-9474-1A3956D46DE8}") = "ta-lib", "ta-lib", "{53F0E4B0-0B5E-42F9-8D55-F3AE86170C2B}"
	ProjectSection(SolutionItems) = preProject
		include\ta-lib\ta_abstract.h = include\ta-lib\ta_abstract.h
		include\ta-lib\ta_common.h = include\ta-lib\ta_common.h
		include\ta-lib\ta_defs.h = include\ta-lib\ta_defs.h
		include\ta-lib\ta_func.h = include\ta-lib\ta_func.h
		include\ta-lib\ta_libc.h = include\ta-lib\ta_libc.h
	EndProjectSection
EndProject
Global
	GlobalSection(SharedMSBuildProjectFiles) = preSolution
		src\processor\processor.vcxitems*{281284e6-0144-11eb-adc1-0242ac120002}*SharedItemsImports = 9
		src\helper\helper.vcxitems*{2cb4a25d-5103-42a7-933d-9d2f8a8a778b}*SharedItemsImports = 9
		src\helper\helper.vcxitems*{4ff0cc6e-11a3-404f-a0f5-66f700b3fc44}*SharedItemsImports = 4
		src\manager\manager.vcxitems*{4ff0cc6e-11a3-404f-a0f5-66f700b3fc44}*SharedItemsImports = 4
		src\processor\processor.vcxitems*{4ff0cc6e-11a3-404f-a0f5-66f700b3fc44}*SharedItemsImports = 4
		src\manager\manager.vcxitems*{6e11b9cd-6b93-4eba-abe3-4290f4be7b9b}*SharedItemsImports = 9
		src\helper\helper.vcxitems*{93fd3140-8e95-4707-afef-0dca5d4b5046}*SharedItemsImports = 4
		src\manager\manager.vcxitems*{93fd3140-8e95-4707-afef-0dca5d4b5046}*SharedItemsImports = 4
		src\processor\processor.vcxitems*{93fd3140-8e95-4707-afef-0dca5d4b5046}*SharedItemsImports = 4
	EndGlobalSection
	GlobalSection(SolutionConfigurationPlatforms) = preSolution
		Debug|x86 = Debug|x86
		Release|x86 = Release|x86
	EndGlobalSection
	GlobalSection(ProjectConfigurationPlatforms) = postSolution
		{93FD3140-8E95-4707-AFEF-0DCA5D4B5046}.Debug|x86.ActiveCfg = Debug|Win32
		{93FD3140-8E95-4707-AFEF-0DCA5D4B5046}.Debug|x86.Build.0 = Debug|Win32
		{93FD3140-8E95-4707-AFEF-0DCA5D4B5046}.Release|x86.ActiveCfg = Release|Win32
		{93FD3140-8E95-4707-AFEF-0DCA5D4B5046}.Release|x86.Build.0 = Release|Win32
		{4FF0CC6E-11A3-404F-A0F5-66F700B3FC44}.Debug|x86.ActiveCfg = Debug|Win32
		{4FF0CC6E-11A3-404F-A0F5-66F700B3FC44}.Debug|x86.Build.0 = Debug|Win32
		{4FF0CC6E-11A3-404F-A0F5-66F700B3FC44}.Release|x86.ActiveCfg = Release|Win32
		{4FF0CC6E-11A3-404F-A0F5-66F700B3FC44}.Release|x86.Build.0 = Release|Win32
	EndGlobalSection
	GlobalSection(SolutionProperties) = preSolution
		HideSolutionNode = FALSE
	EndGlobalSection
	GlobalSection(NestedProjects) = preSolution
		{93E6B739-5EAF-4E82-8A82-57014187DEAB} = {8405CF2C-73A2-42D3-B7F1-2051228AD746}
		{53F0E4B0-0B5E-42F9-8D55-F3AE86170C2B} = {8405CF2C-73A2-42D3-B7F1-2051228AD746}
	EndGlobalSection
	GlobalSection(ExtensibilityGlobals) = postSolution
		SolutionGuid = {446EBB03-F3AC-439A-A881-8D349F00E999}
	EndGlobalSection
EndGlobal
